# This file is generated by running "yarn install" inside your project.
# Manual changes might be lost - proceed with caution!

__metadata:
  version: 8
  cacheKey: 10c0

"@adraffy/ens-normalize@npm:1.10.1":
  version: 1.10.1
  resolution: "@adraffy/ens-normalize@npm:1.10.1"
  checksum: 10c0/fdd647604e8fac6204921888aaf5a6bc65eabf0d2921bc5f93b64d01f4bc33ead167c1445f7de05468d05cd92ac31b74c68d2be840c62b79d73693308f885c06
  languageName: node
  linkType: hard

"@noble/curves@npm:1.2.0":
  version: 1.2.0
  resolution: "@noble/curves@npm:1.2.0"
  dependencies:
    "@noble/hashes": "npm:1.3.2"
  checksum: 10c0/0bac7d1bbfb3c2286910b02598addd33243cb97c3f36f987ecc927a4be8d7d88e0fcb12b0f0ef8a044e7307d1844dd5c49bb724bfa0a79c8ec50ba60768c97f6
  languageName: node
  linkType: hard

"@noble/hashes@npm:1.3.2":
  version: 1.3.2
  resolution: "@noble/hashes@npm:1.3.2"
  checksum: 10c0/2482cce3bce6a596626f94ca296e21378e7a5d4c09597cbc46e65ffacc3d64c8df73111f2265444e36a3168208628258bbbaccba2ef24f65f58b2417638a20e7
  languageName: node
  linkType: hard

"@openzeppelin/contracts-upgradeable@npm:4.9.5":
  version: 4.9.5
  resolution: "@openzeppelin/contracts-upgradeable@npm:4.9.5"
  checksum: 10c0/0aa3ff3b776718d78ea82071dbc3b9fa93051d8d2d421da9765eb0ea3918615e6bc426facfe340b640e60c3bacb111f90067c3e4924cb6b67b166d062b73a654
  languageName: node
  linkType: hard

"@openzeppelin/contracts@npm:4.9.5":
  version: 4.9.5
  resolution: "@openzeppelin/contracts@npm:4.9.5"
  checksum: 10c0/bf5b38320c09f33ecbd7bbf5f6dc8a3a94d3771ee4a1c0dcfc517c05bd03f61b3b3cb263c608e323780994b7686a21fdce2674ca5d127674c3292e5578335032
  languageName: node
  linkType: hard

"@types/node@npm:18.15.13":
  version: 18.15.13
  resolution: "@types/node@npm:18.15.13"
  checksum: 10c0/6e5f61c559e60670a7a8fb88e31226ecc18a21be103297ca4cf9848f0a99049dae77f04b7ae677205f2af494f3701b113ba8734f4b636b355477a6534dbb8ada
  languageName: node
  linkType: hard

"aes-js@npm:4.0.0-beta.5":
  version: 4.0.0-beta.5
  resolution: "aes-js@npm:4.0.0-beta.5"
  checksum: 10c0/444f4eefa1e602cbc4f2a3c644bc990f93fd982b148425fee17634da510586fc09da940dcf8ace1b2d001453c07ff042e55f7a0482b3cc9372bf1ef75479090c
  languageName: node
  linkType: hard

"custom-usdc-bridge@workspace:.":
  version: 0.0.0-use.local
  resolution: "custom-usdc-bridge@workspace:."
  dependencies:
    "@openzeppelin/contracts": "npm:4.9.5"
    "@openzeppelin/contracts-upgradeable": "npm:4.9.5"
    dotenv: "npm:^16.4.5"
    era-contracts: "https://github.com/matter-labs/era-contracts.git#fe2c013ac77761d7ad501c3a74a202b414e85889"
    ethers: "npm:^6.13.2"
    zksync-ethers: "npm:^6.12.1"
  languageName: unknown
  linkType: soft

"dotenv@npm:^16.4.5":
  version: 16.4.5
  resolution: "dotenv@npm:16.4.5"
  checksum: 10c0/48d92870076832af0418b13acd6e5a5a3e83bb00df690d9812e94b24aff62b88ade955ac99a05501305b8dc8f1b0ee7638b18493deb6fe93d680e5220936292f
  languageName: node
  linkType: hard

"era-contracts@https://github.com/matter-labs/era-contracts.git#fe2c013ac77761d7ad501c3a74a202b414e85889":
  version: 0.1.0
  resolution: "era-contracts@https://github.com/matter-labs/era-contracts.git#commit=fe2c013ac77761d7ad501c3a74a202b414e85889"
  checksum: 10c0/6c0843d0c369e08cbec972e20a955ff65747ad566b0bde49a0a02a90f6f38d396ff058ce80f22192cf59fe8a18227b44fdcdb6476ae658d0e011838e7d1d98ea
  languageName: node
  linkType: hard

"ethers@npm:^6.13.2":
  version: 6.13.2
  resolution: "ethers@npm:6.13.2"
  dependencies:
    "@adraffy/ens-normalize": "npm:1.10.1"
    "@noble/curves": "npm:1.2.0"
    "@noble/hashes": "npm:1.3.2"
    "@types/node": "npm:18.15.13"
    aes-js: "npm:4.0.0-beta.5"
    tslib: "npm:2.4.0"
    ws: "npm:8.17.1"
  checksum: 10c0/5956389a180992f8b6d90bc21b2e0f28619a098513d3aeb7a350a0b7c5852d635a9d7fd4ced1af50c985dd88398716f66dfd4a2de96c5c3a67150b93543d92af
  languageName: node
  linkType: hard

"tslib@npm:2.4.0":
  version: 2.4.0
  resolution: "tslib@npm:2.4.0"
  checksum: 10c0/eb19bda3ae545b03caea6a244b34593468e23d53b26bf8649fbc20fce43e9b21a71127fd6d2b9662c0fe48ee6ff668ead48fd00d3b88b2b716b1c12edae25b5d
  languageName: node
  linkType: hard

"ws@npm:8.17.1":
  version: 8.17.1
  resolution: "ws@npm:8.17.1"
  peerDependencies:
    bufferutil: ^4.0.1
    utf-8-validate: ">=5.0.2"
  peerDependenciesMeta:
    bufferutil:
      optional: true
    utf-8-validate:
      optional: true
  checksum: 10c0/f4a49064afae4500be772abdc2211c8518f39e1c959640457dcee15d4488628620625c783902a52af2dd02f68558da2868fd06e6fd0e67ebcd09e6881b1b5bfe
  languageName: node
  linkType: hard

"zksync-ethers@npm:^6.12.1":
  version: 6.12.1
  resolution: "zksync-ethers@npm:6.12.1"
  peerDependencies:
    ethers: ^6.7.1
  checksum: 10c0/6f200baac405e616bb5409574702ca3e3c3d50694ee3aff0c4a4a66d408454f5f49d9e619def2257819656a9e006ec3f07fc825e2fc4c2278408ca960bf5535c
  languageName: node
  linkType: hard
